
Microsoft Visual Studio Solution File, Format Version 12.00
# Visual Studio Version 17
VisualStudioVersion = 17.5.33414.496
MinimumVisualStudioVersion = 10.0.40219.1
Project("{FAE04EC0-301F-11D3-BF4B-00C04F79EFBC}") = "AI_Assignment_1", "AI_Assignment_1.csproj", "{FBB048C2-6421-48E0-9AF2-8259BF7DCA95}"
EndProject
Global
	GlobalSection(SolutionConfigurationPlatforms) = preSolution
		Debug|Any CPU = Debug|Any CPU
		Release|Any CPU = Release|Any CPU
	EndGlobalSection
	GlobalSection(ProjectConfigurationPlatforms) = postSolution
		{FBB048C2-6421-48E0-9AF2-8259BF7DCA95}.Debug|Any CPU.ActiveCfg = Debug|Any CPU
		{FBB048C2-6421-48E0-9AF2-8259BF7DCA95}.Debug|Any CPU.Build.0 = Debug|Any CPU
		{FBB048C2-6421-48E0-9AF2-8259BF7DCA95}.Release|Any CPU.ActiveCfg = Release|Any CPU
		{FBB048C2-6421-48E0-9AF2-8259BF7DCA95}.Release|Any CPU.Build.0 = Release|Any CPU
	EndGlobalSection
	GlobalSection(SolutionProperties) = preSolution
		HideSolutionNode = FALSE
	EndGlobalSection
	GlobalSection(ExtensibilityGlobals) = postSolution
		SolutionGuid = {2ECFAB76-B590-4512-96CF-BF5FD5146119}
	EndGlobalSection
EndGlobal
